Microsoft Visual Studio Solution File, Format Version 12.00
# Visual Studio Version 17
VisualStudioVersion = 17.5.2.0
MinimumVisualStudioVersion = 10.0.40219.1
Project("{FAE04EC0-301F-11D3-BF4B-00C04F79EFBC}") = "NineArchTours", "NineArchTours.csproj", "{51718B80-642B-2D41-82BE-CC1D3690241D}"
EndProject
Global
	GlobalSection(SolutionConfigurationPlatforms) = preSolution
		Debug|Any CPU = Debug|Any CPU
		Release|Any CPU = Release|Any CPU
	EndGlobalSection
	GlobalSection(ProjectConfigurationPlatforms) = postSolution
		{51718B80-642B-2D41-82BE-CC1D3690241D}.Debug|Any CPU.ActiveCfg = Debug|Any CPU
		{51718B80-642B-2D41-82BE-CC1D3690241D}.Debug|Any CPU.Build.0 = Debug|Any CPU
		{51718B80-642B-2D41-82BE-CC1D3690241D}.Release|Any CPU.ActiveCfg = Release|Any CPU
		{51718B80-642B-2D41-82BE-CC1D3690241D}.Release|Any CPU.Build.0 = Release|Any CPU
	EndGlobalSection
	GlobalSection(SolutionProperties) = preSolution
		HideSolutionNode = FALSE
	EndGlobalSection
	GlobalSection(ExtensibilityGlobals) = postSolution
		SolutionGuid = {87DFE6C4-C815-4660-A255-61C7752A80B1}
	EndGlobalSection
EndGlobal
